PODS:
  - Flutter (1.0.0)
  - path_provider_ios (0.0.1):
    - Flutter
  - resize_media (0.0.1):
    - Flutter

DEPENDENCIES:
  - Flutter (from `Flutter`)
  - path_provider_ios (from `.symlinks/plugins/path_provider_ios/ios`)
  - resize_media (from `.symlinks/plugins/resize_media/ios`)

EXTERNAL SOURCES:
  Flutter:
    :path: Flutter
  path_provider_ios:
    :path: ".symlinks/plugins/path_provider_ios/ios"
  resize_media:
    :path: ".symlinks/plugins/resize_media/ios"

SPEC CHECKSUMS:
  Flutter: 50d75fe2f02b26cc09d224853bb45737f8b3214a
  path_provider_ios: 7d7ce634493af4477d156294792024ec3485acd5
  resize_media: 708810f83bfe2c94138faece9f5ed0dc5fdf6308

PODFILE CHECKSUM: c5c24acb10c5b860ae9f64185745b066fe40b256

COCOAPODS: 1.11.2
